
Microsoft Visual Studio Solution File, Format Version 12.00
# Visual Studio Version 16
VisualStudioVersion = 16.0.29424.173
MinimumVisualStudioVersion = 10.0.40219.1
Project("{FAE04EC0-301F-11D3-BF4B-00C04F79EFBC}") = "FFXIV_Trainer", "FFXIV_Trainer\FFXIV_Trainer.csproj", "{482E34B3-4B39-40FD-BDEE-7793118CE870}"
EndProject
Global
	GlobalSection(SolutionConfigurationPlatforms) = preSolution
		Debug|Any CPU = Debug|Any CPU
		Debug|x64 = Debug|x64
		Release|Any CPU = Release|Any CPU
		Release|x64 = Release|x64
	EndGlobalSection
	GlobalSection(ProjectConfigurationPlatforms) = postSolution
		{482E34B3-4B39-40FD-BDEE-7793118CE870}.Debug|Any CPU.ActiveCfg = Debug|Any CPU
		{482E34B3-4B39-40FD-BDEE-7793118CE870}.Debug|Any CPU.Build.0 = Debug|Any CPU
		{482E34B3-4B39-40FD-BDEE-7793118CE870}.Debug|x64.ActiveCfg = Debug|x64
		{482E34B3-4B39-40FD-BDEE-7793118CE870}.Debug|x64.Build.0 = Debug|x64
		{482E34B3-4B39-40FD-BDEE-7793118CE870}.Release|Any CPU.ActiveCfg = Release|Any CPU
		{482E34B3-4B39-40FD-BDEE-7793118CE870}.Release|Any CPU.Build.0 = Release|Any CPU
		{482E34B3-4B39-40FD-BDEE-7793118CE870}.Release|x64.ActiveCfg = Release|x64
		{482E34B3-4B39-40FD-BDEE-7793118CE870}.Release|x64.Build.0 = Release|x64
	EndGlobalSection
	GlobalSection(SolutionProperties) = preSolution
		HideSolutionNode = FALSE
	EndGlobalSection
	GlobalSection(ExtensibilityGlobals) = postSolution
		SolutionGuid = {368CBB6B-CC3E-49F2-9D05-188614E6168D}
	EndGlobalSection
EndGlobal
